
Microsoft Visual Studio Solution File, Format Version 12.00
# Visual Studio 15
VisualStudioVersion = 15.0.28307.136
MinimumVisualStudioVersion = 10.0.40219.1
Project("{8BC9CEB8-8B4A-11D0-8D11-00A0C91BC942}") = "Rogue", "Rogue\Rogue.vcxproj", "{68D38CB3-B2AC-4990-AB08-FEA02809114E}"
EndProject
Project("{8BC9CEB8-8B4A-11D0-8D11-00A0C91BC942}") = "Sample-Test6", "Sample-Test6\Sample-Test6.vcxproj", "{214E1222-1238-411E-BB97-BCE6ED206B43}"
EndProject
Global
	GlobalSection(SolutionConfigurationPlatforms) = preSolution
		Debug|x64 = Debug|x64
		Debug|x86 = Debug|x86
		Release|x64 = Release|x64
		Release|x86 = Release|x86
	EndGlobalSection
	GlobalSection(ProjectConfigurationPlatforms) = postSolution
		{68D38CB3-B2AC-4990-AB08-FEA02809114E}.Debug|x64.ActiveCfg = Debug|x64
		{68D38CB3-B2AC-4990-AB08-FEA02809114E}.Debug|x64.Build.0 = Debug|x64
		{68D38CB3-B2AC-4990-AB08-FEA02809114E}.Debug|x86.ActiveCfg = Debug|Win32
		{68D38CB3-B2AC-4990-AB08-FEA02809114E}.Debug|x86.Build.0 = Debug|Win32
		{68D38CB3-B2AC-4990-AB08-FEA02809114E}.Release|x64.ActiveCfg = Release|x64
		{68D38CB3-B2AC-4990-AB08-FEA02809114E}.Release|x64.Build.0 = Release|x64
		{68D38CB3-B2AC-4990-AB08-FEA02809114E}.Release|x86.ActiveCfg = Release|Win32
		{68D38CB3-B2AC-4990-AB08-FEA02809114E}.Release|x86.Build.0 = Release|Win32
		{214E1222-1238-411E-BB97-BCE6ED206B43}.Debug|x64.ActiveCfg = Debug|x64
		{214E1222-1238-411E-BB97-BCE6ED206B43}.Debug|x64.Build.0 = Debug|x64
		{214E1222-1238-411E-BB97-BCE6ED206B43}.Debug|x86.ActiveCfg = Debug|Win32
		{214E1222-1238-411E-BB97-BCE6ED206B43}.Debug|x86.Build.0 = Debug|Win32
		{214E1222-1238-411E-BB97-BCE6ED206B43}.Release|x64.ActiveCfg = Release|x64
		{214E1222-1238-411E-BB97-BCE6ED206B43}.Release|x64.Build.0 = Release|x64
		{214E1222-1238-411E-BB97-BCE6ED206B43}.Release|x86.ActiveCfg = Release|Win32
		{214E1222-1238-411E-BB97-BCE6ED206B43}.Release|x86.Build.0 = Release|Win32
	EndGlobalSection
	GlobalSection(SolutionProperties) = preSolution
		HideSolutionNode = FALSE
	EndGlobalSection
	GlobalSection(ExtensibilityGlobals) = postSolution
		SolutionGuid = {FF770AFD-3A81-42F0-858F-F25DF00BE728}
	EndGlobalSection
EndGlobal
